{
  "nodes": {
    "barbell": {
      "inputs": {
        "flake-utils": "flake-utils",
        "nixpkgs": "nixpkgs"
      },
      "locked": {
        "lastModified": 1690297847,
        "narHash": "sha256-LsHENuQRQckk0SYvS5YKrwcnmDCiP9n3P1FqVGY3wE0=",
        "owner": "jhvst",
        "repo": "barbell",
        "rev": "4fa1a65b1d4d9e1f83648ea5f4b159de3507e328",
        "type": "github"
      },
      "original": {
        "owner": "jhvst",
        "repo": "barbell",
        "type": "github"
      }
    },
    "flake-parts": {
      "inputs": {
        "nixpkgs-lib": "nixpkgs-lib"
      },
      "locked": {
        "lastModified": 1690933134,
        "narHash": "sha256-ab989mN63fQZBFrkk4Q8bYxQCktuHmBIBqUG1jl6/FQ=",
        "owner": "hercules-ci",
        "repo": "flake-parts",
        "rev": "59cf3f1447cfc75087e7273b04b31e689a8599fb",
        "type": "github"
      },
      "original": {
        "owner": "hercules-ci",
        "repo": "flake-parts",
        "type": "github"
      }
    },
    "flake-utils": {
      "inputs": {
        "systems": "systems"
      },
      "locked": {
        "lastModified": 1685518550,
        "narHash": "sha256-o2d0KcvaXzTrPRIo0kOLV0/QXHhDQ5DTi+OxcjO8xqY=",
        "owner": "numtide",
        "repo": "flake-utils",
        "rev": "a1720a10a6cfe8234c0e93907ffe81be440f4cef",
        "type": "github"
      },
      "original": {
        "owner": "numtide",
        "repo": "flake-utils",
        "type": "github"
      }
    },
    "nixpkgs": {
      "locked": {
        "lastModified": 1685677062,
        "narHash": "sha256-zoHF7+HNwNwne2XEomphbdc4Y8tdWT16EUxUTXpOKpQ=",
        "owner": "nixos",
        "repo": "nixpkgs",
        "rev": "95be94370d09f97f6af6a1df1eb9649b5260724e",
        "type": "github"
      },
      "original": {
        "owner": "nixos",
        "ref": "nixpkgs-unstable",
        "repo": "nixpkgs",
        "type": "github"
      }
    },
    "nixpkgs-lib": {
      "locked": {
        "dir": "lib",
        "lastModified": 1690881714,
        "narHash": "sha256-h/nXluEqdiQHs1oSgkOOWF+j8gcJMWhwnZ9PFabN6q0=",
        "owner": "NixOS",
        "repo": "nixpkgs",
        "rev": "9e1960bc196baf6881340d53dccb203a951745a2",
        "type": "github"
      },
      "original": {
        "dir": "lib",
        "owner": "NixOS",
        "ref": "nixos-unstable",
        "repo": "nixpkgs",
        "type": "github"
      }
    },
    "nixpkgs_2": {
      "locked": {
        "lastModified": 1693610143,
        "narHash": "sha256-6nQhFp9fnXq0snn2uIAmoyCPBshoISoC/XSv5/2PrwQ=",
        "owner": "nixos",
        "repo": "nixpkgs",
        "rev": "964677148a943771ea5edb1be3f9d2b1c4a0c821",
        "type": "github"
      },
      "original": {
        "owner": "nixos",
        "repo": "nixpkgs",
        "type": "github"
      }
    },
    "nixpkgs_3": {
      "locked": {
        "lastModified": 1693606778,
        "narHash": "sha256-xgYXffo+hzB2A58cI/paV2lhEOtziZpoGENDdKBn+9I=",
        "owner": "NixOS",
        "repo": "nixpkgs",
        "rev": "421fa98aad6a4028fc090e95199bead30bf669e2",
        "type": "github"
      },
      "original": {
        "owner": "NixOS",
        "repo": "nixpkgs",
        "type": "github"
      }
    },
    "root": {
      "inputs": {
        "barbell": "barbell",
        "flake-parts": "flake-parts",
        "nixpkgs": "nixpkgs_2",
        "web-components": "web-components"
      }
    },
    "systems": {
      "locked": {
        "lastModified": 1681028828,
        "narHash": "sha256-Vy1rq5AaRuLzOxct8nz4T6wlgyUR7zLU309k9mBC768=",
        "owner": "nix-systems",
        "repo": "default",
        "rev": "da67096a3b9bf56a91d16901293e51ba5b49a27e",
        "type": "github"
      },
      "original": {
        "owner": "nix-systems",
        "repo": "default",
        "type": "github"
      }
    },
    "web-components": {
      "inputs": {
        "nixpkgs": "nixpkgs_3"
      },
      "locked": {
        "dir": "packages/web-components",
        "lastModified": 1693610421,
        "narHash": "sha256-4u9PpciFCInoEeonj9uvCdEWCCuuf7ndFbuw9iIgePA=",
        "owner": "jhvst",
        "repo": "jhvst.github.io",
        "rev": "483284f2ba3d64108a455a54964bc857b02d7952",
        "type": "github"
      },
      "original": {
        "dir": "packages/web-components",
        "owner": "jhvst",
        "repo": "jhvst.github.io",
        "type": "github"
      }
    }
  },
  "root": "root",
  "version": 7
}
