{
  "nodes": {
    "barbell-pkg": {
      "inputs": {
        "flake-parts": [
          "flake-parts"
        ],
        "nixpkgs": [
          "nixpkgs"
        ]
      },
      "locked": {
        "dir": "packages/barbell",
        "lastModified": 1772526898,
        "narHash": "sha256-bjV9omQNnsnebW+FBaBqAXehZl8d682gNB2IwwkMxSg=",
        "owner": "jhvst",
        "repo": "barbell",
        "rev": "fd082cc0252ad2c90b09b4faef1ffd37be199d01",
        "type": "github"
      },
      "original": {
        "dir": "packages/barbell",
        "owner": "jhvst",
        "repo": "barbell",
        "type": "github"
      }
    },
    "devshell": {
      "inputs": {
        "nixpkgs": [
          "nixpkgs"
        ]
      },
      "locked": {
        "lastModified": 1768818222,
        "narHash": "sha256-460jc0+CZfyaO8+w8JNtlClB2n4ui1RbHfPTLkpwhU8=",
        "owner": "numtide",
        "repo": "devshell",
        "rev": "255a2b1725a20d060f566e4755dbf571bbbb5f76",
        "type": "github"
      },
      "original": {
        "owner": "numtide",
        "repo": "devshell",
        "type": "github"
      }
    },
    "flake-parts": {
      "inputs": {
        "nixpkgs-lib": "nixpkgs-lib"
      },
      "locked": {
        "lastModified": 1772408722,
        "narHash": "sha256-rHuJtdcOjK7rAHpHphUb1iCvgkU3GpfvicLMwwnfMT0=",
        "owner": "hercules-ci",
        "repo": "flake-parts",
        "rev": "f20dc5d9b8027381c474144ecabc9034d6a839a3",
        "type": "github"
      },
      "original": {
        "owner": "hercules-ci",
        "repo": "flake-parts",
        "type": "github"
      }
    },
    "flake-utils": {
      "inputs": {
        "systems": "systems"
      },
      "locked": {
        "lastModified": 1681202837,
        "narHash": "sha256-H+Rh19JDwRtpVPAWp64F+rlEtxUWBAQW28eAi3SRSzg=",
        "owner": "numtide",
        "repo": "flake-utils",
        "rev": "cfacdce06f30d2b68473a46042957675eebb3401",
        "type": "github"
      },
      "original": {
        "owner": "numtide",
        "repo": "flake-utils",
        "type": "github"
      }
    },
    "j1": {
      "inputs": {
        "barbell": [
          "barbell-pkg"
        ],
        "flake-parts": [
          "flake-parts"
        ],
        "nixpkgs": [
          "nixpkgs"
        ]
      },
      "locked": {
        "dir": "blogPosts/j1",
        "lastModified": 1772527046,
        "narHash": "sha256-mDzeZlWW9sJCifrCVzYET1cVXQ3XyZLXXAqSaHu4pE8=",
        "owner": "jhvst",
        "repo": "jhvst.github.io",
        "rev": "56599ef8d3b378e9ad98941dffbe914f7ff02dee",
        "type": "github"
      },
      "original": {
        "dir": "blogPosts/j1",
        "owner": "jhvst",
        "repo": "jhvst.github.io",
        "type": "github"
      }
    },
    "nixpkgs": {
      "locked": {
        "lastModified": 1772465433,
        "narHash": "sha256-ywy9troNEfpgh0Ee+zaV1UTgU8kYBVKtvPSxh6clYGU=",
        "owner": "nixos",
        "repo": "nixpkgs",
        "rev": "c581273b8d5bdf1c6ce7e0a54da9841e6a763913",
        "type": "github"
      },
      "original": {
        "owner": "nixos",
        "ref": "nixos-25.11",
        "repo": "nixpkgs",
        "type": "github"
      }
    },
    "nixpkgs-lib": {
      "locked": {
        "lastModified": 1772328832,
        "narHash": "sha256-e+/T/pmEkLP6BHhYjx6GmwP5ivonQQn0bJdH9YrRB+Q=",
        "owner": "nix-community",
        "repo": "nixpkgs.lib",
        "rev": "c185c7a5e5dd8f9add5b2f8ebeff00888b070742",
        "type": "github"
      },
      "original": {
        "owner": "nix-community",
        "repo": "nixpkgs.lib",
        "type": "github"
      }
    },
    "nixpkgs_2": {
      "locked": {
        "lastModified": 1701436327,
        "narHash": "sha256-tRHbnoNI8SIM5O5xuxOmtSLnswEByzmnQcGGyNRjxsE=",
        "rev": "91050ea1e57e50388fa87a3302ba12d188ef723a",
        "revCount": 555097,
        "type": "tarball",
        "url": "https://api.flakehub.com/f/pinned/NixOS/nixpkgs/0.1.555097%2Brev-91050ea1e57e50388fa87a3302ba12d188ef723a/018c3450-2363-7c34-883b-4ba70b1eb7ae/source.tar.gz"
      },
      "original": {
        "type": "tarball",
        "url": "https://flakehub.com/f/NixOS/nixpkgs/0.1.%2A.tar.gz"
      }
    },
    "nuenv": {
      "inputs": {
        "nixpkgs": "nixpkgs_2",
        "rust-overlay": "rust-overlay"
      },
      "locked": {
        "lastModified": 1731006591,
        "narHash": "sha256-zCh7F0XKC5IEJKBTSNnUQ3SwJz3izPdxEU3C4udG8qI=",
        "owner": "DeterminateSystems",
        "repo": "nuenv",
        "rev": "45693a438df82b3a604f855c3372f4f7d9efb3eb",
        "type": "github"
      },
      "original": {
        "owner": "DeterminateSystems",
        "repo": "nuenv",
        "type": "github"
      }
    },
    "root": {
      "inputs": {
        "barbell-pkg": "barbell-pkg",
        "devshell": "devshell",
        "flake-parts": "flake-parts",
        "j1": "j1",
        "nixpkgs": "nixpkgs",
        "nuenv": "nuenv"
      }
    },
    "rust-overlay": {
      "inputs": {
        "flake-utils": "flake-utils",
        "nixpkgs": [
          "nuenv",
          "nixpkgs"
        ]
      },
      "locked": {
        "lastModified": 1701397143,
        "narHash": "sha256-nYUJxZXwCWWVBYZXPgRxGDuQcZRhKTtD/Jp5Jl+9EWU=",
        "owner": "oxalica",
        "repo": "rust-overlay",
        "rev": "bb71557c93cad40f5921b2342d7fd69f9e6497ab",
        "type": "github"
      },
      "original": {
        "owner": "oxalica",
        "repo": "rust-overlay",
        "type": "github"
      }
    },
    "systems": {
      "locked": {
        "lastModified": 1681028828,
        "narHash": "sha256-Vy1rq5AaRuLzOxct8nz4T6wlgyUR7zLU309k9mBC768=",
        "owner": "nix-systems",
        "repo": "default",
        "rev": "da67096a3b9bf56a91d16901293e51ba5b49a27e",
        "type": "github"
      },
      "original": {
        "owner": "nix-systems",
        "repo": "default",
        "type": "github"
      }
    }
  },
  "root": "root",
  "version": 7
}
