{
  "nodes": {
    "barbell": {
      "inputs": {
        "flake-utils": "flake-utils",
        "nixpkgs": "nixpkgs"
      },
      "locked": {
        "lastModified": 1687704785,
        "narHash": "sha256-Zn6V3uLpqL3ZDUXei/HEwA3PspKqbRW1XG+szRGOp8M=",
        "owner": "jhvst",
        "repo": "barbell",
        "rev": "3bdf80bd193f2360cceb0ce2c49db798421c3ebc",
        "type": "github"
      },
      "original": {
        "owner": "jhvst",
        "repo": "barbell",
        "type": "github"
      }
    },
    "blog": {
      "inputs": {
        "flake-parts": "flake-parts_2",
        "flake-root": "flake-root_2",
        "mission-control": "mission-control",
        "nixpkgs": "nixpkgs_2"
      },
      "locked": {
        "lastModified": 1687962088,
        "narHash": "sha256-DVwERNtY0odh+m/EDbvE32nKwxhBlLS/1G5tcewREDk=",
        "owner": "jhvst",
        "repo": "jhvst.github.io",
        "rev": "ca8a30a14f0ddfb365e3925282e97f5a6a1e7de7",
        "type": "github"
      },
      "original": {
        "owner": "jhvst",
        "repo": "jhvst.github.io",
        "type": "github"
      }
    },
    "flake-parts": {
      "inputs": {
        "nixpkgs-lib": "nixpkgs-lib"
      },
      "locked": {
        "lastModified": 1687762428,
        "narHash": "sha256-DIf7mi45PKo+s8dOYF+UlXHzE0Wl/+k3tXUyAoAnoGE=",
        "owner": "hercules-ci",
        "repo": "flake-parts",
        "rev": "37dd7bb15791c86d55c5121740a1887ab55ee836",
        "type": "github"
      },
      "original": {
        "owner": "hercules-ci",
        "repo": "flake-parts",
        "type": "github"
      }
    },
    "flake-parts_2": {
      "inputs": {
        "nixpkgs-lib": "nixpkgs-lib_2"
      },
      "locked": {
        "lastModified": 1687762428,
        "narHash": "sha256-DIf7mi45PKo+s8dOYF+UlXHzE0Wl/+k3tXUyAoAnoGE=",
        "owner": "hercules-ci",
        "repo": "flake-parts",
        "rev": "37dd7bb15791c86d55c5121740a1887ab55ee836",
        "type": "github"
      },
      "original": {
        "owner": "hercules-ci",
        "repo": "flake-parts",
        "type": "github"
      }
    },
    "flake-parts_3": {
      "inputs": {
        "nixpkgs-lib": "nixpkgs-lib_3"
      },
      "locked": {
        "lastModified": 1687762428,
        "narHash": "sha256-DIf7mi45PKo+s8dOYF+UlXHzE0Wl/+k3tXUyAoAnoGE=",
        "owner": "hercules-ci",
        "repo": "flake-parts",
        "rev": "37dd7bb15791c86d55c5121740a1887ab55ee836",
        "type": "github"
      },
      "original": {
        "owner": "hercules-ci",
        "repo": "flake-parts",
        "type": "github"
      }
    },
    "flake-root": {
      "locked": {
        "lastModified": 1680964220,
        "narHash": "sha256-dIdTYcf+KW9a4pKHsEbddvLVSfR1yiAJynzg2x0nfWg=",
        "owner": "srid",
        "repo": "flake-root",
        "rev": "f1c0b93d05bdbea6c011136ba1a135c80c5b326c",
        "type": "github"
      },
      "original": {
        "owner": "srid",
        "repo": "flake-root",
        "type": "github"
      }
    },
    "flake-root_2": {
      "locked": {
        "lastModified": 1680964220,
        "narHash": "sha256-dIdTYcf+KW9a4pKHsEbddvLVSfR1yiAJynzg2x0nfWg=",
        "owner": "srid",
        "repo": "flake-root",
        "rev": "f1c0b93d05bdbea6c011136ba1a135c80c5b326c",
        "type": "github"
      },
      "original": {
        "owner": "srid",
        "repo": "flake-root",
        "type": "github"
      }
    },
    "flake-root_3": {
      "locked": {
        "lastModified": 1680964220,
        "narHash": "sha256-dIdTYcf+KW9a4pKHsEbddvLVSfR1yiAJynzg2x0nfWg=",
        "owner": "srid",
        "repo": "flake-root",
        "rev": "f1c0b93d05bdbea6c011136ba1a135c80c5b326c",
        "type": "github"
      },
      "original": {
        "owner": "srid",
        "repo": "flake-root",
        "type": "github"
      }
    },
    "flake-utils": {
      "inputs": {
        "systems": "systems"
      },
      "locked": {
        "lastModified": 1685518550,
        "narHash": "sha256-o2d0KcvaXzTrPRIo0kOLV0/QXHhDQ5DTi+OxcjO8xqY=",
        "owner": "numtide",
        "repo": "flake-utils",
        "rev": "a1720a10a6cfe8234c0e93907ffe81be440f4cef",
        "type": "github"
      },
      "original": {
        "owner": "numtide",
        "repo": "flake-utils",
        "type": "github"
      }
    },
    "j1": {
      "inputs": {
        "barbell": "barbell",
        "blog": "blog",
        "flake-parts": "flake-parts_3",
        "flake-root": "flake-root_3",
        "nixpkgs": "nixpkgs_3"
      },
      "locked": {
        "dir": "blogPosts/j1",
        "lastModified": 1687966036,
        "narHash": "sha256-d6Bb68rnv1NVU5bf4hWoaadGIkaHve2r2B6KdZMi2P4=",
        "owner": "jhvst",
        "repo": "jhvst.github.io",
        "rev": "7cb60e6824aabd0513254b2f3efa3882298b633c",
        "type": "github"
      },
      "original": {
        "dir": "blogPosts/j1",
        "owner": "jhvst",
        "repo": "jhvst.github.io",
        "type": "github"
      }
    },
    "mission-control": {
      "locked": {
        "lastModified": 1683658484,
        "narHash": "sha256-JkGnWyYZxOnyOhztrxLSqaod6+O/3rRypq0dAqA/zn0=",
        "owner": "Platonic-Systems",
        "repo": "mission-control",
        "rev": "a0c93bd764a3c25e6999397e9f5f119c1b124e38",
        "type": "github"
      },
      "original": {
        "owner": "Platonic-Systems",
        "repo": "mission-control",
        "type": "github"
      }
    },
    "mission-control_2": {
      "locked": {
        "lastModified": 1683658484,
        "narHash": "sha256-JkGnWyYZxOnyOhztrxLSqaod6+O/3rRypq0dAqA/zn0=",
        "owner": "Platonic-Systems",
        "repo": "mission-control",
        "rev": "a0c93bd764a3c25e6999397e9f5f119c1b124e38",
        "type": "github"
      },
      "original": {
        "owner": "Platonic-Systems",
        "repo": "mission-control",
        "type": "github"
      }
    },
    "nixpkgs": {
      "locked": {
        "lastModified": 1685677062,
        "narHash": "sha256-zoHF7+HNwNwne2XEomphbdc4Y8tdWT16EUxUTXpOKpQ=",
        "owner": "nixos",
        "repo": "nixpkgs",
        "rev": "95be94370d09f97f6af6a1df1eb9649b5260724e",
        "type": "github"
      },
      "original": {
        "owner": "nixos",
        "ref": "nixpkgs-unstable",
        "repo": "nixpkgs",
        "type": "github"
      }
    },
    "nixpkgs-lib": {
      "locked": {
        "dir": "lib",
        "lastModified": 1685564631,
        "narHash": "sha256-8ywr3AkblY4++3lIVxmrWZFzac7+f32ZEhH/A8pNscI=",
        "owner": "NixOS",
        "repo": "nixpkgs",
        "rev": "4f53efe34b3a8877ac923b9350c874e3dcd5dc0a",
        "type": "github"
      },
      "original": {
        "dir": "lib",
        "owner": "NixOS",
        "ref": "nixos-unstable",
        "repo": "nixpkgs",
        "type": "github"
      }
    },
    "nixpkgs-lib_2": {
      "locked": {
        "dir": "lib",
        "lastModified": 1685564631,
        "narHash": "sha256-8ywr3AkblY4++3lIVxmrWZFzac7+f32ZEhH/A8pNscI=",
        "owner": "NixOS",
        "repo": "nixpkgs",
        "rev": "4f53efe34b3a8877ac923b9350c874e3dcd5dc0a",
        "type": "github"
      },
      "original": {
        "dir": "lib",
        "owner": "NixOS",
        "ref": "nixos-unstable",
        "repo": "nixpkgs",
        "type": "github"
      }
    },
    "nixpkgs-lib_3": {
      "locked": {
        "dir": "lib",
        "lastModified": 1685564631,
        "narHash": "sha256-8ywr3AkblY4++3lIVxmrWZFzac7+f32ZEhH/A8pNscI=",
        "owner": "NixOS",
        "repo": "nixpkgs",
        "rev": "4f53efe34b3a8877ac923b9350c874e3dcd5dc0a",
        "type": "github"
      },
      "original": {
        "dir": "lib",
        "owner": "NixOS",
        "ref": "nixos-unstable",
        "repo": "nixpkgs",
        "type": "github"
      }
    },
    "nixpkgs_2": {
      "locked": {
        "lastModified": 1687886075,
        "narHash": "sha256-PeayJDDDy+uw1Ats4moZnRdL1OFuZm1Tj+KiHlD67+o=",
        "owner": "nixos",
        "repo": "nixpkgs",
        "rev": "a565059a348422af5af9026b5174dc5c0dcefdae",
        "type": "github"
      },
      "original": {
        "owner": "nixos",
        "ref": "nixpkgs-unstable",
        "repo": "nixpkgs",
        "type": "github"
      }
    },
    "nixpkgs_3": {
      "locked": {
        "lastModified": 1687886075,
        "narHash": "sha256-PeayJDDDy+uw1Ats4moZnRdL1OFuZm1Tj+KiHlD67+o=",
        "owner": "nixos",
        "repo": "nixpkgs",
        "rev": "a565059a348422af5af9026b5174dc5c0dcefdae",
        "type": "github"
      },
      "original": {
        "owner": "nixos",
        "ref": "nixpkgs-unstable",
        "repo": "nixpkgs",
        "type": "github"
      }
    },
    "nixpkgs_4": {
      "locked": {
        "lastModified": 1687886075,
        "narHash": "sha256-PeayJDDDy+uw1Ats4moZnRdL1OFuZm1Tj+KiHlD67+o=",
        "owner": "nixos",
        "repo": "nixpkgs",
        "rev": "a565059a348422af5af9026b5174dc5c0dcefdae",
        "type": "github"
      },
      "original": {
        "owner": "nixos",
        "ref": "nixpkgs-unstable",
        "repo": "nixpkgs",
        "type": "github"
      }
    },
    "root": {
      "inputs": {
        "flake-parts": "flake-parts",
        "flake-root": "flake-root",
        "j1": "j1",
        "mission-control": "mission-control_2",
        "nixpkgs": "nixpkgs_4"
      }
    },
    "systems": {
      "locked": {
        "lastModified": 1681028828,
        "narHash": "sha256-Vy1rq5AaRuLzOxct8nz4T6wlgyUR7zLU309k9mBC768=",
        "owner": "nix-systems",
        "repo": "default",
        "rev": "da67096a3b9bf56a91d16901293e51ba5b49a27e",
        "type": "github"
      },
      "original": {
        "owner": "nix-systems",
        "repo": "default",
        "type": "github"
      }
    }
  },
  "root": "root",
  "version": 7
}
