{
  "nodes": {
    "barbell": {
      "inputs": {
        "flake-utils": "flake-utils",
        "nixpkgs": "nixpkgs"
      },
      "locked": {
        "lastModified": 1690297847,
        "narHash": "sha256-LsHENuQRQckk0SYvS5YKrwcnmDCiP9n3P1FqVGY3wE0=",
        "owner": "jhvst",
        "repo": "barbell",
        "rev": "4fa1a65b1d4d9e1f83648ea5f4b159de3507e328",
        "type": "github"
      },
      "original": {
        "owner": "jhvst",
        "repo": "barbell",
        "type": "github"
      }
    },
    "flake-utils": {
      "inputs": {
        "systems": "systems"
      },
      "locked": {
        "lastModified": 1685518550,
        "narHash": "sha256-o2d0KcvaXzTrPRIo0kOLV0/QXHhDQ5DTi+OxcjO8xqY=",
        "owner": "numtide",
        "repo": "flake-utils",
        "rev": "a1720a10a6cfe8234c0e93907ffe81be440f4cef",
        "type": "github"
      },
      "original": {
        "owner": "numtide",
        "repo": "flake-utils",
        "type": "github"
      }
    },
    "nixpkgs": {
      "locked": {
        "lastModified": 1685677062,
        "narHash": "sha256-zoHF7+HNwNwne2XEomphbdc4Y8tdWT16EUxUTXpOKpQ=",
        "owner": "nixos",
        "repo": "nixpkgs",
        "rev": "95be94370d09f97f6af6a1df1eb9649b5260724e",
        "type": "github"
      },
      "original": {
        "owner": "nixos",
        "ref": "nixpkgs-unstable",
        "repo": "nixpkgs",
        "type": "github"
      }
    },
    "nixpkgs_2": {
      "locked": {
        "lastModified": 1693608912,
        "narHash": "sha256-+kqPSp/J7A0nizOaaLz3ptHn4IvU8JFNvE1TEFipvp4=",
        "owner": "nixos",
        "repo": "nixpkgs",
        "rev": "32fead455c484eae433811ee3bbdb6af97aca4c7",
        "type": "github"
      },
      "original": {
        "owner": "nixos",
        "repo": "nixpkgs",
        "type": "github"
      }
    },
    "nixpkgs_3": {
      "locked": {
        "lastModified": 1693606778,
        "narHash": "sha256-xgYXffo+hzB2A58cI/paV2lhEOtziZpoGENDdKBn+9I=",
        "owner": "NixOS",
        "repo": "nixpkgs",
        "rev": "421fa98aad6a4028fc090e95199bead30bf669e2",
        "type": "github"
      },
      "original": {
        "owner": "NixOS",
        "repo": "nixpkgs",
        "type": "github"
      }
    },
    "root": {
      "inputs": {
        "barbell": "barbell",
        "nixpkgs": "nixpkgs_2",
        "web-components": "web-components"
      }
    },
    "systems": {
      "locked": {
        "lastModified": 1681028828,
        "narHash": "sha256-Vy1rq5AaRuLzOxct8nz4T6wlgyUR7zLU309k9mBC768=",
        "owner": "nix-systems",
        "repo": "default",
        "rev": "da67096a3b9bf56a91d16901293e51ba5b49a27e",
        "type": "github"
      },
      "original": {
        "owner": "nix-systems",
        "repo": "default",
        "type": "github"
      }
    },
    "web-components": {
      "inputs": {
        "nixpkgs": "nixpkgs_3"
      },
      "locked": {
        "dir": "packages/web-components",
        "lastModified": 1693609180,
        "narHash": "sha256-hMDMzdeq7ij/SEeHAMKyx5OF4JNCzApHidlcejCLJLI=",
        "owner": "jhvst",
        "repo": "jhvst.github.io",
        "rev": "a4db40b2ab89ab8e9189c4ff5554f0b2d9dd8d0b",
        "type": "github"
      },
      "original": {
        "dir": "packages/web-components",
        "owner": "jhvst",
        "repo": "jhvst.github.io",
        "type": "github"
      }
    }
  },
  "root": "root",
  "version": 7
}
