{
  "nodes": {
    "barbell": {
      "inputs": {
        "flake-parts": "flake-parts",
        "nixpkgs": [
          "nixpkgs"
        ]
      },
      "locked": {
        "dir": "packages/barbell",
        "lastModified": 1694112950,
        "narHash": "sha256-5Na5H++zNdqNInAhfpVi7GuAZX0CJiAXPBtAbBk6/dU=",
        "owner": "jhvst",
        "repo": "barbell",
        "rev": "ea64c882471409d05acd4b8f26483f1995c8825f",
        "type": "github"
      },
      "original": {
        "dir": "packages/barbell",
        "owner": "jhvst",
        "repo": "barbell",
        "type": "github"
      }
    },
    "flake-parts": {
      "inputs": {
        "nixpkgs-lib": "nixpkgs-lib"
      },
      "locked": {
        "lastModified": 1693611461,
        "narHash": "sha256-aPODl8vAgGQ0ZYFIRisxYG5MOGSkIczvu2Cd8Gb9+1Y=",
        "owner": "hercules-ci",
        "repo": "flake-parts",
        "rev": "7f53fdb7bdc5bb237da7fefef12d099e4fd611ca",
        "type": "github"
      },
      "original": {
        "owner": "hercules-ci",
        "repo": "flake-parts",
        "type": "github"
      }
    },
    "flake-parts_2": {
      "inputs": {
        "nixpkgs-lib": "nixpkgs-lib_2"
      },
      "locked": {
        "lastModified": 1693611461,
        "narHash": "sha256-aPODl8vAgGQ0ZYFIRisxYG5MOGSkIczvu2Cd8Gb9+1Y=",
        "owner": "hercules-ci",
        "repo": "flake-parts",
        "rev": "7f53fdb7bdc5bb237da7fefef12d099e4fd611ca",
        "type": "github"
      },
      "original": {
        "owner": "hercules-ci",
        "repo": "flake-parts",
        "type": "github"
      }
    },
    "nixpkgs": {
      "locked": {
        "lastModified": 1685566663,
        "narHash": "sha256-btHN1czJ6rzteeCuE/PNrdssqYD2nIA4w48miQAFloM=",
        "owner": "nixos",
        "repo": "nixpkgs",
        "rev": "4ecab3273592f27479a583fb6d975d4aba3486fe",
        "type": "github"
      },
      "original": {
        "owner": "nixos",
        "ref": "23.05",
        "repo": "nixpkgs",
        "type": "github"
      }
    },
    "nixpkgs-lib": {
      "locked": {
        "dir": "lib",
        "lastModified": 1693471703,
        "narHash": "sha256-0l03ZBL8P1P6z8MaSDS/MvuU8E75rVxe5eE1N6gxeTo=",
        "owner": "NixOS",
        "repo": "nixpkgs",
        "rev": "3e52e76b70d5508f3cec70b882a29199f4d1ee85",
        "type": "github"
      },
      "original": {
        "dir": "lib",
        "owner": "NixOS",
        "ref": "nixos-unstable",
        "repo": "nixpkgs",
        "type": "github"
      }
    },
    "nixpkgs-lib_2": {
      "locked": {
        "dir": "lib",
        "lastModified": 1693471703,
        "narHash": "sha256-0l03ZBL8P1P6z8MaSDS/MvuU8E75rVxe5eE1N6gxeTo=",
        "owner": "NixOS",
        "repo": "nixpkgs",
        "rev": "3e52e76b70d5508f3cec70b882a29199f4d1ee85",
        "type": "github"
      },
      "original": {
        "dir": "lib",
        "owner": "NixOS",
        "ref": "nixos-unstable",
        "repo": "nixpkgs",
        "type": "github"
      }
    },
    "nixpkgs_2": {
      "locked": {
        "lastModified": 1693606778,
        "narHash": "sha256-xgYXffo+hzB2A58cI/paV2lhEOtziZpoGENDdKBn+9I=",
        "owner": "NixOS",
        "repo": "nixpkgs",
        "rev": "421fa98aad6a4028fc090e95199bead30bf669e2",
        "type": "github"
      },
      "original": {
        "owner": "NixOS",
        "repo": "nixpkgs",
        "type": "github"
      }
    },
    "root": {
      "inputs": {
        "barbell": "barbell",
        "flake-parts": "flake-parts_2",
        "nixpkgs": "nixpkgs",
        "web-components": "web-components"
      }
    },
    "web-components": {
      "inputs": {
        "nixpkgs": "nixpkgs_2"
      },
      "locked": {
        "dir": "packages/web-components",
        "lastModified": 1694110546,
        "narHash": "sha256-vTwpFv7gXhaGK4knrEizDM3+JRdqt1YA/3TWdMyquqs=",
        "owner": "jhvst",
        "repo": "jhvst.github.io",
        "rev": "82f8341fc5578789ec8db418e8a83221f6041af6",
        "type": "github"
      },
      "original": {
        "dir": "packages/web-components",
        "owner": "jhvst",
        "repo": "jhvst.github.io",
        "type": "github"
      }
    }
  },
  "root": "root",
  "version": 7
}
