{
  "nodes": {
    "HTTP": {
      "flake": false,
      "locked": {
        "lastModified": 1451647621,
        "narHash": "sha256-oHIyw3x0iKBexEo49YeUDV1k74ZtyYKGR2gNJXXRxts=",
        "owner": "phadej",
        "repo": "HTTP",
        "rev": "9bc0996d412fef1787449d841277ef663ad9a915",
        "type": "github"
      },
      "original": {
        "owner": "phadej",
        "repo": "HTTP",
        "type": "github"
      }
    },
    "actions-nix": {
      "inputs": {
        "flake-parts": "flake-parts",
        "git-hooks": "git-hooks",
        "nixpkgs": "nixpkgs"
      },
      "locked": {
        "lastModified": 1764576623,
        "narHash": "sha256-XBE+zteYGaqRv47AH+kLIBdrp6uQcE1bM8gagrft4q4=",
        "owner": "nialov",
        "repo": "actions.nix",
        "rev": "e21c6db769c24f1caf026102669106281cd7b57f",
        "type": "github"
      },
      "original": {
        "owner": "nialov",
        "repo": "actions.nix",
        "type": "github"
      }
    },
    "agenix": {
      "inputs": {
        "darwin": [
          "juuso"
        ],
        "home-manager": "home-manager",
        "nixpkgs": [
          "juuso",
          "nixpkgs"
        ],
        "systems": "systems"
      },
      "locked": {
        "lastModified": 1754433428,
        "narHash": "sha256-NA/FT2hVhKDftbHSwVnoRTFhes62+7dxZbxj5Gxvghs=",
        "owner": "ryantm",
        "repo": "agenix",
        "rev": "9edb1787864c4f59ae5074ad498b6272b3ec308d",
        "type": "github"
      },
      "original": {
        "owner": "ryantm",
        "repo": "agenix",
        "type": "github"
      }
    },
    "agenix-rekey": {
      "inputs": {
        "devshell": "devshell",
        "flake-parts": "flake-parts_2",
        "nixpkgs": [
          "juuso",
          "nixpkgs"
        ],
        "pre-commit-hooks": "pre-commit-hooks",
        "treefmt-nix": "treefmt-nix"
      },
      "locked": {
        "lastModified": 1757800857,
        "narHash": "sha256-VajxFp0rgP1vec4+Y4WVgovjVx236pR67gQadvEtx7Q=",
        "owner": "oddlama",
        "repo": "agenix-rekey",
        "rev": "c1a7e59cd9ba915fcc03b82d3d7721dfa3d40ded",
        "type": "github"
      },
      "original": {
        "owner": "oddlama",
        "repo": "agenix-rekey",
        "type": "github"
      }
    },
    "alot": {
      "inputs": {
        "nixpkgs": [
          "juuso",
          "nixpkgs"
        ],
        "pyproject-nix": "pyproject-nix",
        "systems": "systems_2"
      },
      "locked": {
        "lastModified": 1765180943,
        "narHash": "sha256-x2o/VfIeDIWsv0JS0FBWVHEjNaktx1/MjhDnqQSe/IY=",
        "owner": "pazz",
        "repo": "alot",
        "rev": "40a190f4c5f18c1283fdb3186393c4a778f865a5",
        "type": "github"
      },
      "original": {
        "owner": "pazz",
        "ref": "v0.12",
        "repo": "alot",
        "type": "github"
      }
    },
    "cabal-32": {
      "flake": false,
      "locked": {
        "lastModified": 1603716527,
        "narHash": "sha256-X0TFfdD4KZpwl0Zr6x+PLxUt/VyKQfX7ylXHdmZIL+w=",
        "owner": "haskell",
        "repo": "cabal",
        "rev": "48bf10787e27364730dd37a42b603cee8d6af7ee",
        "type": "github"
      },
      "original": {
        "owner": "haskell",
        "ref": "3.2",
        "repo": "cabal",
        "type": "github"
      }
    },
    "cabal-34": {
      "flake": false,
      "locked": {
        "lastModified": 1645834128,
        "narHash": "sha256-wG3d+dOt14z8+ydz4SL7pwGfe7SiimxcD/LOuPCV6xM=",
        "owner": "haskell",
        "repo": "cabal",
        "rev": "5ff598c67f53f7c4f48e31d722ba37172230c462",
        "type": "github"
      },
      "original": {
        "owner": "haskell",
        "ref": "3.4",
        "repo": "cabal",
        "type": "github"
      }
    },
    "cabal-36": {
      "flake": false,
      "locked": {
        "lastModified": 1669081697,
        "narHash": "sha256-I5or+V7LZvMxfbYgZATU4awzkicBwwok4mVoje+sGmU=",
        "owner": "haskell",
        "repo": "cabal",
        "rev": "8fd619e33d34924a94e691c5fea2c42f0fc7f144",
        "type": "github"
      },
      "original": {
        "owner": "haskell",
        "ref": "3.6",
        "repo": "cabal",
        "type": "github"
      }
    },
    "cachix": {
      "inputs": {
        "devenv": [
          "juuso",
          "runtime-modules",
          "devenv"
        ],
        "flake-compat": [
          "juuso",
          "runtime-modules",
          "devenv"
        ],
        "git-hooks": [
          "juuso",
          "runtime-modules",
          "devenv"
        ],
        "nixpkgs": "nixpkgs_4"
      },
      "locked": {
        "lastModified": 1737621947,
        "narHash": "sha256-8HFvG7fvIFbgtaYAY2628Tb89fA55nPm2jSiNs0/Cws=",
        "owner": "cachix",
        "repo": "cachix",
        "rev": "f65a3cd5e339c223471e64c051434616e18cc4f5",
        "type": "github"
      },
      "original": {
        "owner": "cachix",
        "ref": "latest",
        "repo": "cachix",
        "type": "github"
      }
    },
    "cardano-shell": {
      "flake": false,
      "locked": {
        "lastModified": 1608537748,
        "narHash": "sha256-PulY1GfiMgKVnBci3ex4ptk2UNYMXqGjJOxcPy2KYT4=",
        "owner": "input-output-hk",
        "repo": "cardano-shell",
        "rev": "9392c75087cb9a3d453998f4230930dea3a95725",
        "type": "github"
      },
      "original": {
        "owner": "input-output-hk",
        "repo": "cardano-shell",
        "type": "github"
      }
    },
    "devenv": {
      "inputs": {
        "cachix": "cachix",
        "flake-compat": "flake-compat_3",
        "git-hooks": "git-hooks_2",
        "nix": "nix",
        "nixpkgs": "nixpkgs_6"
      },
      "locked": {
        "lastModified": 1742320965,
        "narHash": "sha256-jGAhz2VD/TR8RQS5cUU2Jh8T0yyP50bw75dmHByLZpE=",
        "owner": "cachix",
        "repo": "devenv",
        "rev": "6bde92766ddd3ee1630029a03d36baddd51934e2",
        "type": "github"
      },
      "original": {
        "owner": "cachix",
        "repo": "devenv",
        "type": "github"
      }
    },
    "devshell": {
      "inputs": {
        "nixpkgs": [
          "juuso",
          "agenix-rekey",
          "nixpkgs"
        ]
      },
      "locked": {
        "lastModified": 1728330715,
        "narHash": "sha256-xRJ2nPOXb//u1jaBnDP56M7v5ldavjbtR6lfGqSvcKg=",
        "owner": "numtide",
        "repo": "devshell",
        "rev": "dd6b80932022cea34a019e2bb32f6fa9e494dfef",
        "type": "github"
      },
      "original": {
        "owner": "numtide",
        "repo": "devshell",
        "type": "github"
      }
    },
    "flake-compat": {
      "flake": false,
      "locked": {
        "lastModified": 1696426674,
        "narHash": "sha256-kvjfFW7WAETZlt09AgDn1MrtKzP7t90Vf7vypd3OL1U=",
        "owner": "edolstra",
        "repo": "flake-compat",
        "rev": "0f9255e01c2351cc7d116c072cb317785dd33b33",
        "type": "github"
      },
      "original": {
        "owner": "edolstra",
        "repo": "flake-compat",
        "type": "github"
      }
    },
    "flake-compat_2": {
      "flake": false,
      "locked": {
        "lastModified": 1696426674,
        "narHash": "sha256-kvjfFW7WAETZlt09AgDn1MrtKzP7t90Vf7vypd3OL1U=",
        "owner": "edolstra",
        "repo": "flake-compat",
        "rev": "0f9255e01c2351cc7d116c072cb317785dd33b33",
        "type": "github"
      },
      "original": {
        "owner": "edolstra",
        "repo": "flake-compat",
        "type": "github"
      }
    },
    "flake-compat_3": {
      "flake": false,
      "locked": {
        "lastModified": 1733328505,
        "narHash": "sha256-NeCCThCEP3eCl2l/+27kNNK7QrwZB1IJCrXfrbv5oqU=",
        "owner": "edolstra",
        "repo": "flake-compat",
        "rev": "ff81ac966bb2cae68946d5ed5fc4994f96d0ffec",
        "type": "github"
      },
      "original": {
        "owner": "edolstra",
        "repo": "flake-compat",
        "type": "github"
      }
    },
    "flake-compat_4": {
      "flake": false,
      "locked": {
        "lastModified": 1672831974,
        "narHash": "sha256-z9k3MfslLjWQfnjBtEtJZdq3H7kyi2kQtUThfTgdRk0=",
        "owner": "input-output-hk",
        "repo": "flake-compat",
        "rev": "45f2638735f8cdc40fe302742b79f248d23eb368",
        "type": "github"
      },
      "original": {
        "owner": "input-output-hk",
        "ref": "hkm/gitlab-fix",
        "repo": "flake-compat",
        "type": "github"
      }
    },
    "flake-parts": {
      "inputs": {
        "nixpkgs-lib": [
          "juuso",
          "actions-nix",
          "nixpkgs"
        ]
      },
      "locked": {
        "lastModified": 1738453229,
        "narHash": "sha256-7H9XgNiGLKN1G1CgRh0vUL4AheZSYzPm+zmZ7vxbJdo=",
        "owner": "hercules-ci",
        "repo": "flake-parts",
        "rev": "32ea77a06711b758da0ad9bd6a844c5740a87abd",
        "type": "github"
      },
      "original": {
        "owner": "hercules-ci",
        "repo": "flake-parts",
        "type": "github"
      }
    },
    "flake-parts_2": {
      "inputs": {
        "nixpkgs-lib": [
          "juuso",
          "agenix-rekey",
          "nixpkgs"
        ]
      },
      "locked": {
        "lastModified": 1733312601,
        "narHash": "sha256-4pDvzqnegAfRkPwO3wmwBhVi/Sye1mzps0zHWYnP88c=",
        "owner": "hercules-ci",
        "repo": "flake-parts",
        "rev": "205b12d8b7cd4802fbcb8e8ef6a0f1408781a4f9",
        "type": "github"
      },
      "original": {
        "owner": "hercules-ci",
        "repo": "flake-parts",
        "type": "github"
      }
    },
    "flake-parts_3": {
      "inputs": {
        "nixpkgs-lib": "nixpkgs-lib"
      },
      "locked": {
        "lastModified": 1753121425,
        "narHash": "sha256-TVcTNvOeWWk1DXljFxVRp+E0tzG1LhrVjOGGoMHuXio=",
        "owner": "hercules-ci",
        "repo": "flake-parts",
        "rev": "644e0fc48951a860279da645ba77fe4a6e814c5e",
        "type": "github"
      },
      "original": {
        "owner": "hercules-ci",
        "repo": "flake-parts",
        "type": "github"
      }
    },
    "flake-parts_4": {
      "inputs": {
        "nixpkgs-lib": [
          "juuso",
          "nixvim",
          "nixpkgs"
        ]
      },
      "locked": {
        "lastModified": 1765835352,
        "narHash": "sha256-XswHlK/Qtjasvhd1nOa1e8MgZ8GS//jBoTqWtrS1Giw=",
        "owner": "hercules-ci",
        "repo": "flake-parts",
        "rev": "a34fae9c08a15ad73f295041fec82323541400a9",
        "type": "github"
      },
      "original": {
        "owner": "hercules-ci",
        "repo": "flake-parts",
        "type": "github"
      }
    },
    "flake-parts_5": {
      "inputs": {
        "nixpkgs-lib": [
          "juuso",
          "runtime-modules",
          "devenv",
          "nix",
          "nixpkgs"
        ]
      },
      "locked": {
        "lastModified": 1712014858,
        "narHash": "sha256-sB4SWl2lX95bExY2gMFG5HIzvva5AVMJd4Igm+GpZNw=",
        "owner": "hercules-ci",
        "repo": "flake-parts",
        "rev": "9126214d0a59633752a136528f5f3b9aa8565b7d",
        "type": "github"
      },
      "original": {
        "owner": "hercules-ci",
        "repo": "flake-parts",
        "type": "github"
      }
    },
    "flake-parts_6": {
      "inputs": {
        "nixpkgs-lib": "nixpkgs-lib_2"
      },
      "locked": {
        "lastModified": 1741352980,
        "narHash": "sha256-+u2UunDA4Cl5Fci3m7S643HzKmIDAe+fiXrLqYsR2fs=",
        "owner": "hercules-ci",
        "repo": "flake-parts",
        "rev": "f4330d22f1c5d2ba72d3d22df5597d123fdb60a9",
        "type": "github"
      },
      "original": {
        "owner": "hercules-ci",
        "repo": "flake-parts",
        "type": "github"
      }
    },
    "flake-utils": {
      "inputs": {
        "systems": "systems_4"
      },
      "locked": {
        "lastModified": 1689068808,
        "narHash": "sha256-6ixXo3wt24N/melDWjq70UuHQLxGV8jZvooRanIHXw0=",
        "owner": "numtide",
        "repo": "flake-utils",
        "rev": "919d646de7be200f3bf08cb76ae1f09402b6f9b4",
        "type": "github"
      },
      "original": {
        "owner": "numtide",
        "repo": "flake-utils",
        "type": "github"
      }
    },
    "flake-utils_2": {
      "inputs": {
        "systems": "systems_5"
      },
      "locked": {
        "lastModified": 1731533236,
        "narHash": "sha256-l0KFg5HjrsfsO/JpG+r7fRrqm12kzFHyUHqHCVpMMbI=",
        "owner": "numtide",
        "repo": "flake-utils",
        "rev": "11707dc2f618dd54ca8739b309ec4fc024de578b",
        "type": "github"
      },
      "original": {
        "owner": "numtide",
        "repo": "flake-utils",
        "type": "github"
      }
    },
    "git-hooks": {
      "inputs": {
        "flake-compat": "flake-compat",
        "gitignore": "gitignore",
        "nixpkgs": [
          "juuso",
          "actions-nix",
          "nixpkgs"
        ]
      },
      "locked": {
        "lastModified": 1750779888,
        "narHash": "sha256-wibppH3g/E2lxU43ZQHC5yA/7kIKLGxVEnsnVK1BtRg=",
        "owner": "cachix",
        "repo": "git-hooks.nix",
        "rev": "16ec914f6fb6f599ce988427d9d94efddf25fe6d",
        "type": "github"
      },
      "original": {
        "owner": "cachix",
        "repo": "git-hooks.nix",
        "type": "github"
      }
    },
    "git-hooks_2": {
      "inputs": {
        "flake-compat": [
          "juuso",
          "runtime-modules",
          "devenv"
        ],
        "gitignore": "gitignore_3",
        "nixpkgs": [
          "juuso",
          "runtime-modules",
          "devenv",
          "nixpkgs"
        ]
      },
      "locked": {
        "lastModified": 1740849354,
        "narHash": "sha256-oy33+t09FraucSZ2rZ6qnD1Y1c8azKKmQuCvF2ytUko=",
        "owner": "cachix",
        "repo": "git-hooks.nix",
        "rev": "4a709a8ce9f8c08fa7ddb86761fe488ff7858a07",
        "type": "github"
      },
      "original": {
        "owner": "cachix",
        "repo": "git-hooks.nix",
        "type": "github"
      }
    },
    "gitignore": {
      "inputs": {
        "nixpkgs": [
          "juuso",
          "actions-nix",
          "git-hooks",
          "nixpkgs"
        ]
      },
      "locked": {
        "lastModified": 1709087332,
        "narHash": "sha256-HG2cCnktfHsKV0s4XW83gU3F57gaTljL9KNSuG6bnQs=",
        "owner": "hercules-ci",
        "repo": "gitignore.nix",
        "rev": "637db329424fd7e46cf4185293b9cc8c88c95394",
        "type": "github"
      },
      "original": {
        "owner": "hercules-ci",
        "repo": "gitignore.nix",
        "type": "github"
      }
    },
    "gitignore_2": {
      "inputs": {
        "nixpkgs": [
          "juuso",
          "agenix-rekey",
          "pre-commit-hooks",
          "nixpkgs"
        ]
      },
      "locked": {
        "lastModified": 1709087332,
        "narHash": "sha256-HG2cCnktfHsKV0s4XW83gU3F57gaTljL9KNSuG6bnQs=",
        "owner": "hercules-ci",
        "repo": "gitignore.nix",
        "rev": "637db329424fd7e46cf4185293b9cc8c88c95394",
        "type": "github"
      },
      "original": {
        "owner": "hercules-ci",
        "repo": "gitignore.nix",
        "type": "github"
      }
    },
    "gitignore_3": {
      "inputs": {
        "nixpkgs": [
          "juuso",
          "runtime-modules",
          "devenv",
          "git-hooks",
          "nixpkgs"
        ]
      },
      "locked": {
        "lastModified": 1709087332,
        "narHash": "sha256-HG2cCnktfHsKV0s4XW83gU3F57gaTljL9KNSuG6bnQs=",
        "owner": "hercules-ci",
        "repo": "gitignore.nix",
        "rev": "637db329424fd7e46cf4185293b9cc8c88c95394",
        "type": "github"
      },
      "original": {
        "owner": "hercules-ci",
        "repo": "gitignore.nix",
        "type": "github"
      }
    },
    "hackage": {
      "flake": false,
      "locked": {
        "lastModified": 1770475948,
        "narHash": "sha256-JhDr976i3Dx02taz+scMZ3CVI3aPZwhBNg69yegcDmc=",
        "owner": "lierdakil",
        "repo": "hackage.nix",
        "rev": "61156f22f296fb81215b3caac58dd654fdd0a34e",
        "type": "github"
      },
      "original": {
        "owner": "lierdakil",
        "repo": "hackage.nix",
        "type": "github"
      }
    },
    "hackage-for-stackage": {
      "flake": false,
      "locked": {
        "lastModified": 1759796733,
        "narHash": "sha256-lYaywC/nPR2BocJeqrRWxzhB/F0SHYh5sODS+y/SfS8=",
        "owner": "input-output-hk",
        "repo": "hackage.nix",
        "rev": "1c8a6c0c38ac6cfd1edd1a677445179e1dd71947",
        "type": "github"
      },
      "original": {
        "owner": "input-output-hk",
        "ref": "for-stackage",
        "repo": "hackage.nix",
        "type": "github"
      }
    },
    "hackage-internal": {
      "flake": false,
      "locked": {
        "lastModified": 1750307553,
        "narHash": "sha256-iiafNoeLHwlSLQTyvy8nPe2t6g5AV4PPcpMeH/2/DLs=",
        "owner": "input-output-hk",
        "repo": "hackage.nix",
        "rev": "f7867baa8817fab296528f4a4ec39d1c7c4da4f3",
        "type": "github"
      },
      "original": {
        "owner": "input-output-hk",
        "repo": "hackage.nix",
        "type": "github"
      }
    },
    "haskellNix": {
      "inputs": {
        "HTTP": "HTTP",
        "cabal-32": "cabal-32",
        "cabal-34": "cabal-34",
        "cabal-36": "cabal-36",
        "cardano-shell": "cardano-shell",
        "flake-compat": "flake-compat_4",
        "hackage": "hackage",
        "hackage-for-stackage": "hackage-for-stackage",
        "hackage-internal": "hackage-internal",
        "hls": "hls",
        "hls-1.10": "hls-1.10",
        "hls-2.0": "hls-2.0",
        "hls-2.10": "hls-2.10",
        "hls-2.11": "hls-2.11",
        "hls-2.2": "hls-2.2",
        "hls-2.3": "hls-2.3",
        "hls-2.4": "hls-2.4",
        "hls-2.5": "hls-2.5",
        "hls-2.6": "hls-2.6",
        "hls-2.7": "hls-2.7",
        "hls-2.8": "hls-2.8",
        "hls-2.9": "hls-2.9",
        "hpc-coveralls": "hpc-coveralls",
        "iserv-proxy": "iserv-proxy",
        "nixpkgs": [
          "pandoc-crossref",
          "haskellNix",
          "nixpkgs-unstable"
        ],
        "nixpkgs-2305": "nixpkgs-2305",
        "nixpkgs-2311": "nixpkgs-2311",
        "nixpkgs-2405": "nixpkgs-2405",
        "nixpkgs-2411": "nixpkgs-2411",
        "nixpkgs-2505": "nixpkgs-2505",
        "nixpkgs-unstable": "nixpkgs-unstable",
        "old-ghc-nix": "old-ghc-nix",
        "stackage": "stackage"
      },
      "locked": {
        "lastModified": 1759798323,
        "narHash": "sha256-cy2EbqVzvGVgeDmz6O7ESahwMz8OvgtX1saUy+NrHF0=",
        "owner": "input-output-hk",
        "repo": "haskell.nix",
        "rev": "17cc2e9e95aa6946bfcccc5a529cb7e9d78fe901",
        "type": "github"
      },
      "original": {
        "owner": "input-output-hk",
        "repo": "haskell.nix",
        "rev": "17cc2e9e95aa6946bfcccc5a529cb7e9d78fe901",
        "type": "github"
      }
    },
    "hls": {
      "flake": false,
      "locked": {
        "lastModified": 1741604408,
        "narHash": "sha256-tuq3+Ip70yu89GswZ7DSINBpwRprnWnl6xDYnS4GOsc=",
        "owner": "haskell",
        "repo": "haskell-language-server",
        "rev": "682d6894c94087da5e566771f25311c47e145359",
        "type": "github"
      },
      "original": {
        "owner": "haskell",
        "repo": "haskell-language-server",
        "type": "github"
      }
    },
    "hls-1.10": {
      "flake": false,
      "locked": {
        "lastModified": 1680000865,
        "narHash": "sha256-rc7iiUAcrHxwRM/s0ErEsSPxOR3u8t7DvFeWlMycWgo=",
        "owner": "haskell",
        "repo": "haskell-language-server",
        "rev": "b08691db779f7a35ff322b71e72a12f6e3376fd9",
        "type": "github"
      },
      "original": {
        "owner": "haskell",
        "ref": "1.10.0.0",
        "repo": "haskell-language-server",
        "type": "github"
      }
    },
    "hls-2.0": {
      "flake": false,
      "locked": {
        "lastModified": 1687698105,
        "narHash": "sha256-OHXlgRzs/kuJH8q7Sxh507H+0Rb8b7VOiPAjcY9sM1k=",
        "owner": "haskell",
        "repo": "haskell-language-server",
        "rev": "783905f211ac63edf982dd1889c671653327e441",
        "type": "github"
      },
      "original": {
        "owner": "haskell",
        "ref": "2.0.0.1",
        "repo": "haskell-language-server",
        "type": "github"
      }
    },
    "hls-2.10": {
      "flake": false,
      "locked": {
        "lastModified": 1743069404,
        "narHash": "sha256-q4kDFyJDDeoGqfEtrZRx4iqMVEC2MOzCToWsFY+TOzY=",
        "owner": "haskell",
        "repo": "haskell-language-server",
        "rev": "2318c61db3a01e03700bd4b05665662929b7fe8b",
        "type": "github"
      },
      "original": {
        "owner": "haskell",
        "ref": "2.10.0.0",
        "repo": "haskell-language-server",
        "type": "github"
      }
    },
    "hls-2.11": {
      "flake": false,
      "locked": {
        "lastModified": 1747306193,
        "narHash": "sha256-/MmtpF8+FyQlwfKHqHK05BdsxC9LHV70d/FiMM7pzBM=",
        "owner": "haskell",
        "repo": "haskell-language-server",
        "rev": "46ef4523ea4949f47f6d2752476239f1c6d806fe",
        "type": "github"
      },
      "original": {
        "owner": "haskell",
        "ref": "2.11.0.0",
        "repo": "haskell-language-server",
        "type": "github"
      }
    },
    "hls-2.2": {
      "flake": false,
      "locked": {
        "lastModified": 1693064058,
        "narHash": "sha256-8DGIyz5GjuCFmohY6Fa79hHA/p1iIqubfJUTGQElbNk=",
        "owner": "haskell",
        "repo": "haskell-language-server",
        "rev": "b30f4b6cf5822f3112c35d14a0cba51f3fe23b85",
        "type": "github"
      },
      "original": {
        "owner": "haskell",
        "ref": "2.2.0.0",
        "repo": "haskell-language-server",
        "type": "github"
      }
    },
    "hls-2.3": {
      "flake": false,
      "locked": {
        "lastModified": 1695910642,
        "narHash": "sha256-tR58doOs3DncFehHwCLczJgntyG/zlsSd7DgDgMPOkI=",
        "owner": "haskell",
        "repo": "haskell-language-server",
        "rev": "458ccdb55c9ea22cd5d13ec3051aaefb295321be",
        "type": "github"
      },
      "original": {
        "owner": "haskell",
        "ref": "2.3.0.0",
        "repo": "haskell-language-server",
        "type": "github"
      }
    },
    "hls-2.4": {
      "flake": false,
      "locked": {
        "lastModified": 1699862708,
        "narHash": "sha256-YHXSkdz53zd0fYGIYOgLt6HrA0eaRJi9mXVqDgmvrjk=",
        "owner": "haskell",
        "repo": "haskell-language-server",
        "rev": "54507ef7e85fa8e9d0eb9a669832a3287ffccd57",
        "type": "github"
      },
      "original": {
        "owner": "haskell",
        "ref": "2.4.0.1",
        "repo": "haskell-language-server",
        "type": "github"
      }
    },
    "hls-2.5": {
      "flake": false,
      "locked": {
        "lastModified": 1701080174,
        "narHash": "sha256-fyiR9TaHGJIIR0UmcCb73Xv9TJq3ht2ioxQ2mT7kVdc=",
        "owner": "haskell",
        "repo": "haskell-language-server",
        "rev": "27f8c3d3892e38edaef5bea3870161815c4d014c",
        "type": "github"
      },
      "original": {
        "owner": "haskell",
        "ref": "2.5.0.0",
        "repo": "haskell-language-server",
        "type": "github"
      }
    },
    "hls-2.6": {
      "flake": false,
      "locked": {
        "lastModified": 1705325287,
        "narHash": "sha256-+P87oLdlPyMw8Mgoul7HMWdEvWP/fNlo8jyNtwME8E8=",
        "owner": "haskell",
        "repo": "haskell-language-server",
        "rev": "6e0b342fa0327e628610f2711f8c3e4eaaa08b1e",
        "type": "github"
      },
      "original": {
        "owner": "haskell",
        "ref": "2.6.0.0",
        "repo": "haskell-language-server",
        "type": "github"
      }
    },
    "hls-2.7": {
      "flake": false,
      "locked": {
        "lastModified": 1708965829,
        "narHash": "sha256-LfJ+TBcBFq/XKoiNI7pc4VoHg4WmuzsFxYJ3Fu+Jf+M=",
        "owner": "haskell",
        "repo": "haskell-language-server",
        "rev": "50322b0a4aefb27adc5ec42f5055aaa8f8e38001",
        "type": "github"
      },
      "original": {
        "owner": "haskell",
        "ref": "2.7.0.0",
        "repo": "haskell-language-server",
        "type": "github"
      }
    },
    "hls-2.8": {
      "flake": false,
      "locked": {
        "lastModified": 1715153580,
        "narHash": "sha256-Vi/iUt2pWyUJlo9VrYgTcbRviWE0cFO6rmGi9rmALw0=",
        "owner": "haskell",
        "repo": "haskell-language-server",
        "rev": "dd1be1beb16700de59e0d6801957290bcf956a0a",
        "type": "github"
      },
      "original": {
        "owner": "haskell",
        "ref": "2.8.0.0",
        "repo": "haskell-language-server",
        "type": "github"
      }
    },
    "hls-2.9": {
      "flake": false,
      "locked": {
        "lastModified": 1719993701,
        "narHash": "sha256-wy348++MiMm/xwtI9M3vVpqj2qfGgnDcZIGXw8sF1sA=",
        "owner": "haskell",
        "repo": "haskell-language-server",
        "rev": "90319a7e62ab93ab65a95f8f2bcf537e34dae76a",
        "type": "github"
      },
      "original": {
        "owner": "haskell",
        "ref": "2.9.0.1",
        "repo": "haskell-language-server",
        "type": "github"
      }
    },
    "home-manager": {
      "inputs": {
        "nixpkgs": [
          "juuso",
          "agenix",
          "nixpkgs"
        ]
      },
      "locked": {
        "lastModified": 1745494811,
        "narHash": "sha256-YZCh2o9Ua1n9uCvrvi5pRxtuVNml8X2a03qIFfRKpFs=",
        "owner": "nix-community",
        "repo": "home-manager",
        "rev": "abfad3d2958c9e6300a883bd443512c55dfeb1be",
        "type": "github"
      },
      "original": {
        "owner": "nix-community",
        "repo": "home-manager",
        "type": "github"
      }
    },
    "home-manager_2": {
      "inputs": {
        "nixpkgs": [
          "juuso",
          "nixpkgs"
        ]
      },
      "locked": {
        "lastModified": 1764534535,
        "narHash": "sha256-TkAB7JTfQXq8wpBcCZ8cH/Dlkd/96J0VjFKqwhKl7kI=",
        "owner": "nix-community",
        "repo": "home-manager",
        "rev": "784a83782ce00985bee65c588d4c315ec0b5a172",
        "type": "github"
      },
      "original": {
        "owner": "nix-community",
        "repo": "home-manager",
        "type": "github"
      }
    },
    "homestakeros-base": {
      "inputs": {
        "nixpkgs": "nixpkgs_2"
      },
      "locked": {
        "dir": "nixosModules/base",
        "lastModified": 1746480353,
        "narHash": "sha256-SCd07fDZnRwGUQ1TicutAjCgcCSEKinJv28aBsAN/kU=",
        "owner": "ponkila",
        "repo": "homestakeros",
        "rev": "0ec2fa097ca39ab4631b83da3a92705f170e1d7a",
        "type": "github"
      },
      "original": {
        "dir": "nixosModules/base",
        "owner": "ponkila",
        "repo": "homestakeros",
        "type": "github"
      }
    },
    "hpc-coveralls": {
      "flake": false,
      "locked": {
        "lastModified": 1607498076,
        "narHash": "sha256-8uqsEtivphgZWYeUo5RDUhp6bO9j2vaaProQxHBltQk=",
        "owner": "sevanspowell",
        "repo": "hpc-coveralls",
        "rev": "14df0f7d229f4cd2e79f8eabb1a740097fdfa430",
        "type": "github"
      },
      "original": {
        "owner": "sevanspowell",
        "repo": "hpc-coveralls",
        "type": "github"
      }
    },
    "iserv-proxy": {
      "flake": false,
      "locked": {
        "lastModified": 1755243078,
        "narHash": "sha256-GLbl1YaohKdpzZVJFRdcI1O1oE3F3uBer4lFv3Yy0l8=",
        "owner": "stable-haskell",
        "repo": "iserv-proxy",
        "rev": "150605195cb7183a6fb7bed82f23fedf37c6f52a",
        "type": "github"
      },
      "original": {
        "owner": "stable-haskell",
        "ref": "iserv-syms",
        "repo": "iserv-proxy",
        "type": "github"
      }
    },
    "juuso": {
      "inputs": {
        "actions-nix": "actions-nix",
        "agenix": "agenix",
        "agenix-rekey": "agenix-rekey",
        "alot": "alot",
        "flake-parts": "flake-parts_3",
        "home-manager": "home-manager_2",
        "homestakeros-base": "homestakeros-base",
        "nixpkgs": "nixpkgs_3",
        "nixvim": "nixvim",
        "runtime-modules": "runtime-modules",
        "sops-nix": "sops-nix",
        "treefmt-nix": "treefmt-nix_3"
      },
      "locked": {
        "lastModified": 1777130917,
        "narHash": "sha256-E1qElXF05R5TlPP3TJW5rewXnfnM2b+tihQj3OJnV2Y=",
        "owner": "jhvst",
        "repo": "nix-config",
        "rev": "9b93535486a87e581bb22f64966f375d76eded57",
        "type": "github"
      },
      "original": {
        "owner": "jhvst",
        "repo": "nix-config",
        "type": "github"
      }
    },
    "libgit2": {
      "flake": false,
      "locked": {
        "lastModified": 1697646580,
        "narHash": "sha256-oX4Z3S9WtJlwvj0uH9HlYcWv+x1hqp8mhXl7HsLu2f0=",
        "owner": "libgit2",
        "repo": "libgit2",
        "rev": "45fd9ed7ae1a9b74b957ef4f337bc3c8b3df01b5",
        "type": "github"
      },
      "original": {
        "owner": "libgit2",
        "repo": "libgit2",
        "type": "github"
      }
    },
    "nix": {
      "inputs": {
        "flake-compat": [
          "juuso",
          "runtime-modules",
          "devenv"
        ],
        "flake-parts": "flake-parts_5",
        "libgit2": "libgit2",
        "nixpkgs": "nixpkgs_5",
        "nixpkgs-23-11": [
          "juuso",
          "runtime-modules",
          "devenv"
        ],
        "nixpkgs-regression": [
          "juuso",
          "runtime-modules",
          "devenv"
        ],
        "pre-commit-hooks": [
          "juuso",
          "runtime-modules",
          "devenv"
        ]
      },
      "locked": {
        "lastModified": 1741798497,
        "narHash": "sha256-E3j+3MoY8Y96mG1dUIiLFm2tZmNbRvSiyN7CrSKuAVg=",
        "owner": "domenkozar",
        "repo": "nix",
        "rev": "f3f44b2baaf6c4c6e179de8cbb1cc6db031083cd",
        "type": "github"
      },
      "original": {
        "owner": "domenkozar",
        "ref": "devenv-2.24",
        "repo": "nix",
        "type": "github"
      }
    },
    "nix-filter": {
      "locked": {
        "lastModified": 1757882181,
        "narHash": "sha256-+cCxYIh2UNalTz364p+QYmWHs0P+6wDhiWR4jDIKQIU=",
        "owner": "numtide",
        "repo": "nix-filter",
        "rev": "59c44d1909c72441144b93cf0f054be7fe764de5",
        "type": "github"
      },
      "original": {
        "owner": "numtide",
        "repo": "nix-filter",
        "type": "github"
      }
    },
    "nix-github-actions": {
      "inputs": {
        "nixpkgs": [
          "nixneovimplugins",
          "poetry2nix",
          "nixpkgs"
        ]
      },
      "locked": {
        "lastModified": 1688870561,
        "narHash": "sha256-4UYkifnPEw1nAzqqPOTL2MvWtm3sNGw1UTYTalkTcGY=",
        "owner": "nix-community",
        "repo": "nix-github-actions",
        "rev": "165b1650b753316aa7f1787f3005a8d2da0f5301",
        "type": "github"
      },
      "original": {
        "owner": "nix-community",
        "repo": "nix-github-actions",
        "type": "github"
      }
    },
    "nixneovimplugins": {
      "inputs": {
        "flake-utils": "flake-utils",
        "nixpkgs": "nixpkgs_8",
        "poetry2nix": "poetry2nix"
      },
      "locked": {
        "lastModified": 1764512923,
        "narHash": "sha256-Zbxc1+9XuNM8o6T0cOZ1X0401LnkaRS/rSSPmBzc7fk=",
        "owner": "NixNeovim",
        "repo": "NixNeovimPlugins",
        "rev": "e00fc83455e1b704d172fe12994d46c00674dc14",
        "type": "github"
      },
      "original": {
        "owner": "NixNeovim",
        "repo": "NixNeovimPlugins",
        "type": "github"
      }
    },
    "nixpkgs": {
      "locked": {
        "lastModified": 1740126099,
        "narHash": "sha256-ozoOtE2hGsqh4XkTJFsrTkNxkRgShxpQxDynaPZUGxk=",
        "owner": "nixos",
        "repo": "nixpkgs",
        "rev": "32fb99ba93fea2798be0e997ea331dd78167f814",
        "type": "github"
      },
      "original": {
        "owner": "nixos",
        "ref": "nixos-unstable",
        "repo": "nixpkgs",
        "type": "github"
      }
    },
    "nixpkgs-2305": {
      "locked": {
        "lastModified": 1705033721,
        "narHash": "sha256-K5eJHmL1/kev6WuqyqqbS1cdNnSidIZ3jeqJ7GbrYnQ=",
        "owner": "NixOS",
        "repo": "nixpkgs",
        "rev": "a1982c92d8980a0114372973cbdfe0a307f1bdea",
        "type": "github"
      },
      "original": {
        "owner": "NixOS",
        "ref": "nixpkgs-23.05-darwin",
        "repo": "nixpkgs",
        "type": "github"
      }
    },
    "nixpkgs-2311": {
      "locked": {
        "lastModified": 1719957072,
        "narHash": "sha256-gvFhEf5nszouwLAkT9nWsDzocUTqLWHuL++dvNjMp9I=",
        "owner": "NixOS",
        "repo": "nixpkgs",
        "rev": "7144d6241f02d171d25fba3edeaf15e0f2592105",
        "type": "github"
      },
      "original": {
        "owner": "NixOS",
        "ref": "nixpkgs-23.11-darwin",
        "repo": "nixpkgs",
        "type": "github"
      }
    },
    "nixpkgs-2405": {
      "locked": {
        "lastModified": 1735564410,
        "narHash": "sha256-HB/FA0+1gpSs8+/boEavrGJH+Eq08/R2wWNph1sM1Dg=",
        "owner": "NixOS",
        "repo": "nixpkgs",
        "rev": "1e7a8f391f1a490460760065fa0630b5520f9cf8",
        "type": "github"
      },
      "original": {
        "owner": "NixOS",
        "ref": "nixpkgs-24.05-darwin",
        "repo": "nixpkgs",
        "type": "github"
      }
    },
    "nixpkgs-2411": {
      "locked": {
        "lastModified": 1748037224,
        "narHash": "sha256-92vihpZr6dwEMV6g98M5kHZIttrWahb9iRPBm1atcPk=",
        "owner": "NixOS",
        "repo": "nixpkgs",
        "rev": "f09dede81861f3a83f7f06641ead34f02f37597f",
        "type": "github"
      },
      "original": {
        "owner": "NixOS",
        "ref": "nixpkgs-24.11-darwin",
        "repo": "nixpkgs",
        "type": "github"
      }
    },
    "nixpkgs-2505": {
      "locked": {
        "lastModified": 1754477006,
        "narHash": "sha256-suIgZZHXdb4ca9nN4MIcmdjeN+ZWsTwCtYAG4HExqAo=",
        "owner": "NixOS",
        "repo": "nixpkgs",
        "rev": "4896699973299bffae27d0d9828226983544d9e9",
        "type": "github"
      },
      "original": {
        "owner": "NixOS",
        "ref": "nixpkgs-25.05-darwin",
        "repo": "nixpkgs",
        "type": "github"
      }
    },
    "nixpkgs-lib": {
      "locked": {
        "lastModified": 1751159883,
        "narHash": "sha256-urW/Ylk9FIfvXfliA1ywh75yszAbiTEVgpPeinFyVZo=",
        "owner": "nix-community",
        "repo": "nixpkgs.lib",
        "rev": "14a40a1d7fb9afa4739275ac642ed7301a9ba1ab",
        "type": "github"
      },
      "original": {
        "owner": "nix-community",
        "repo": "nixpkgs.lib",
        "type": "github"
      }
    },
    "nixpkgs-lib_2": {
      "locked": {
        "lastModified": 1740877520,
        "narHash": "sha256-oiwv/ZK/2FhGxrCkQkB83i7GnWXPPLzoqFHpDD3uYpk=",
        "owner": "nix-community",
        "repo": "nixpkgs.lib",
        "rev": "147dee35aab2193b174e4c0868bd80ead5ce755c",
        "type": "github"
      },
      "original": {
        "owner": "nix-community",
        "repo": "nixpkgs.lib",
        "type": "github"
      }
    },
    "nixpkgs-unstable": {
      "locked": {
        "lastModified": 1754393734,
        "narHash": "sha256-fbnmAwTQkuXHKBlcL5Nq1sMAzd3GFqCOQgEQw6Hy0Ak=",
        "owner": "NixOS",
        "repo": "nixpkgs",
        "rev": "a683adc19ff5228af548c6539dbc3440509bfed3",
        "type": "github"
      },
      "original": {
        "owner": "NixOS",
        "ref": "nixpkgs-unstable",
        "repo": "nixpkgs",
        "type": "github"
      }
    },
    "nixpkgs_2": {
      "locked": {
        "lastModified": 1734875076,
        "narHash": "sha256-Pzyb+YNG5u3zP79zoi8HXYMs15Q5dfjDgwCdUI5B0nY=",
        "owner": "NixOS",
        "repo": "nixpkgs",
        "rev": "1807c2b91223227ad5599d7067a61665c52d1295",
        "type": "github"
      },
      "original": {
        "owner": "NixOS",
        "ref": "nixos-24.11",
        "repo": "nixpkgs",
        "type": "github"
      }
    },
    "nixpkgs_3": {
      "locked": {
        "lastModified": 1775423009,
        "narHash": "sha256-vPKLpjhIVWdDrfiUM8atW6YkIggCEKdSAlJPzzhkQlw=",
        "owner": "NixOS",
        "repo": "nixpkgs",
        "rev": "68d8aa3d661f0e6bd5862291b5bb263b2a6595c9",
        "type": "github"
      },
      "original": {
        "owner": "NixOS",
        "ref": "nixos-unstable",
        "repo": "nixpkgs",
        "type": "github"
      }
    },
    "nixpkgs_4": {
      "locked": {
        "lastModified": 1733212471,
        "narHash": "sha256-M1+uCoV5igihRfcUKrr1riygbe73/dzNnzPsmaLCmpo=",
        "owner": "NixOS",
        "repo": "nixpkgs",
        "rev": "55d15ad12a74eb7d4646254e13638ad0c4128776",
        "type": "github"
      },
      "original": {
        "owner": "NixOS",
        "ref": "nixos-unstable",
        "repo": "nixpkgs",
        "type": "github"
      }
    },
    "nixpkgs_5": {
      "locked": {
        "lastModified": 1717432640,
        "narHash": "sha256-+f9c4/ZX5MWDOuB1rKoWj+lBNm0z0rs4CK47HBLxy1o=",
        "owner": "NixOS",
        "repo": "nixpkgs",
        "rev": "88269ab3044128b7c2f4c7d68448b2fb50456870",
        "type": "github"
      },
      "original": {
        "owner": "NixOS",
        "ref": "release-24.05",
        "repo": "nixpkgs",
        "type": "github"
      }
    },
    "nixpkgs_6": {
      "locked": {
        "lastModified": 1733477122,
        "narHash": "sha256-qamMCz5mNpQmgBwc8SB5tVMlD5sbwVIToVZtSxMph9s=",
        "owner": "cachix",
        "repo": "devenv-nixpkgs",
        "rev": "7bd9e84d0452f6d2e63b6e6da29fe73fac951857",
        "type": "github"
      },
      "original": {
        "owner": "cachix",
        "ref": "rolling",
        "repo": "devenv-nixpkgs",
        "type": "github"
      }
    },
    "nixpkgs_7": {
      "locked": {
        "lastModified": 1742288794,
        "narHash": "sha256-Txwa5uO+qpQXrNG4eumPSD+hHzzYi/CdaM80M9XRLCo=",
        "owner": "NixOS",
        "repo": "nixpkgs",
        "rev": "b6eaf97c6960d97350c584de1b6dcff03c9daf42",
        "type": "github"
      },
      "original": {
        "owner": "NixOS",
        "ref": "nixos-unstable",
        "repo": "nixpkgs",
        "type": "github"
      }
    },
    "nixpkgs_8": {
      "locked": {
        "lastModified": 1689844446,
        "narHash": "sha256-ud/6XYWbXFAJuTTApWyYlFtlc54NAxChS1T9Ns+qT7M=",
        "owner": "NixOS",
        "repo": "nixpkgs",
        "rev": "2d82894fa1e2d23a22f40275a78bfbb09b92ffde",
        "type": "github"
      },
      "original": {
        "owner": "NixOS",
        "ref": "nixpkgs-unstable",
        "repo": "nixpkgs",
        "type": "github"
      }
    },
    "nixvim": {
      "inputs": {
        "flake-parts": "flake-parts_4",
        "nixpkgs": [
          "juuso",
          "nixpkgs"
        ],
        "systems": "systems_3"
      },
      "locked": {
        "lastModified": 1767608728,
        "narHash": "sha256-kmSJCTgrx+BxgqQOTPHAOkohvO+lbRsPWqu+PSPcz3I=",
        "owner": "nix-community",
        "repo": "nixvim",
        "rev": "851399eebd0fb383d2fd76269d859f16021dc7a8",
        "type": "github"
      },
      "original": {
        "owner": "nix-community",
        "repo": "nixvim",
        "type": "github"
      }
    },
    "old-ghc-nix": {
      "flake": false,
      "locked": {
        "lastModified": 1631092763,
        "narHash": "sha256-sIKgO+z7tj4lw3u6oBZxqIhDrzSkvpHtv0Kki+lh9Fg=",
        "owner": "angerman",
        "repo": "old-ghc-nix",
        "rev": "af48a7a7353e418119b6dfe3cd1463a657f342b8",
        "type": "github"
      },
      "original": {
        "owner": "angerman",
        "ref": "master",
        "repo": "old-ghc-nix",
        "type": "github"
      }
    },
    "pandoc-crossref": {
      "inputs": {
        "flake-utils": "flake-utils_2",
        "haskellNix": "haskellNix",
        "nix-filter": "nix-filter",
        "nixpkgs": [
          "pandoc-crossref",
          "haskellNix",
          "nixpkgs-unstable"
        ]
      },
      "locked": {
        "lastModified": 1770522453,
        "narHash": "sha256-JMnvq7vLqbRJdfFtm4MrdtnqPEKzwanCnbqP1APIpFE=",
        "owner": "lierdakil",
        "repo": "pandoc-crossref",
        "rev": "371557654741d8c0673a9a4bdb5c65413a9d2fd1",
        "type": "github"
      },
      "original": {
        "owner": "lierdakil",
        "ref": "v0.3.23a",
        "repo": "pandoc-crossref",
        "type": "github"
      }
    },
    "poetry2nix": {
      "inputs": {
        "flake-utils": [
          "nixneovimplugins",
          "flake-utils"
        ],
        "nix-github-actions": "nix-github-actions",
        "nixpkgs": [
          "nixneovimplugins",
          "nixpkgs"
        ]
      },
      "locked": {
        "lastModified": 1689849924,
        "narHash": "sha256-d259Z2S7CS7Na04qQNQ6LYQILuI7cf4Rpe76qc4mz40=",
        "owner": "nix-community",
        "repo": "poetry2nix",
        "rev": "1d7eda9336f336392d24e9602be5cb9be7ae405c",
        "type": "github"
      },
      "original": {
        "owner": "nix-community",
        "repo": "poetry2nix",
        "type": "github"
      }
    },
    "pre-commit-hooks": {
      "inputs": {
        "flake-compat": "flake-compat_2",
        "gitignore": "gitignore_2",
        "nixpkgs": [
          "juuso",
          "agenix-rekey",
          "nixpkgs"
        ]
      },
      "locked": {
        "lastModified": 1735882644,
        "narHash": "sha256-3FZAG+pGt3OElQjesCAWeMkQ7C/nB1oTHLRQ8ceP110=",
        "owner": "cachix",
        "repo": "pre-commit-hooks.nix",
        "rev": "a5a961387e75ae44cc20f0a57ae463da5e959656",
        "type": "github"
      },
      "original": {
        "owner": "cachix",
        "repo": "pre-commit-hooks.nix",
        "type": "github"
      }
    },
    "pyproject-nix": {
      "inputs": {
        "nixpkgs": [
          "juuso",
          "alot",
          "nixpkgs"
        ]
      },
      "locked": {
        "lastModified": 1746540146,
        "narHash": "sha256-QxdHGNpbicIrw5t6U3x+ZxeY/7IEJ6lYbvsjXmcxFIM=",
        "owner": "pyproject-nix",
        "repo": "pyproject.nix",
        "rev": "e09c10c24ebb955125fda449939bfba664c467fd",
        "type": "github"
      },
      "original": {
        "owner": "pyproject-nix",
        "repo": "pyproject.nix",
        "type": "github"
      }
    },
    "root": {
      "inputs": {
        "juuso": "juuso",
        "nixneovimplugins": "nixneovimplugins",
        "pandoc-crossref": "pandoc-crossref"
      }
    },
    "runtime-modules": {
      "inputs": {
        "devenv": "devenv",
        "flake-parts": "flake-parts_6",
        "nixpkgs": "nixpkgs_7",
        "treefmt-nix": "treefmt-nix_2"
      },
      "locked": {
        "lastModified": 1747831638,
        "narHash": "sha256-K5hGd4t+LmJPWEN68tDv/DTpN49BK+d2mo0+UR01yMI=",
        "owner": "tupakkatapa",
        "repo": "nixos-runtime-modules",
        "rev": "deb9a0fcfd4d724ce4e3c960dec7eaed20a2cbe0",
        "type": "github"
      },
      "original": {
        "owner": "tupakkatapa",
        "repo": "nixos-runtime-modules",
        "type": "github"
      }
    },
    "sops-nix": {
      "inputs": {
        "nixpkgs": [
          "juuso",
          "nixpkgs"
        ]
      },
      "locked": {
        "lastModified": 1752544651,
        "narHash": "sha256-GllP7cmQu7zLZTs9z0J2gIL42IZHa9CBEXwBY9szT0U=",
        "owner": "Mic92",
        "repo": "sops-nix",
        "rev": "2c8def626f54708a9c38a5861866660395bb3461",
        "type": "github"
      },
      "original": {
        "owner": "Mic92",
        "repo": "sops-nix",
        "type": "github"
      }
    },
    "stackage": {
      "flake": false,
      "locked": {
        "lastModified": 1759795950,
        "narHash": "sha256-+fWjEzNb8I8PX6KxQeJh6x8DM8hAhwu7WDkkEnEUR4I=",
        "owner": "input-output-hk",
        "repo": "stackage.nix",
        "rev": "8e715bc7826d20573142b3b74256f5b56d356695",
        "type": "github"
      },
      "original": {
        "owner": "input-output-hk",
        "repo": "stackage.nix",
        "type": "github"
      }
    },
    "systems": {
      "locked": {
        "lastModified": 1681028828,
        "narHash": "sha256-Vy1rq5AaRuLzOxct8nz4T6wlgyUR7zLU309k9mBC768=",
        "owner": "nix-systems",
        "repo": "default",
        "rev": "da67096a3b9bf56a91d16901293e51ba5b49a27e",
        "type": "github"
      },
      "original": {
        "owner": "nix-systems",
        "repo": "default",
        "type": "github"
      }
    },
    "systems_2": {
      "locked": {
        "lastModified": 1681028828,
        "narHash": "sha256-Vy1rq5AaRuLzOxct8nz4T6wlgyUR7zLU309k9mBC768=",
        "owner": "nix-systems",
        "repo": "default",
        "rev": "da67096a3b9bf56a91d16901293e51ba5b49a27e",
        "type": "github"
      },
      "original": {
        "owner": "nix-systems",
        "repo": "default",
        "type": "github"
      }
    },
    "systems_3": {
      "locked": {
        "lastModified": 1681028828,
        "narHash": "sha256-Vy1rq5AaRuLzOxct8nz4T6wlgyUR7zLU309k9mBC768=",
        "owner": "nix-systems",
        "repo": "default",
        "rev": "da67096a3b9bf56a91d16901293e51ba5b49a27e",
        "type": "github"
      },
      "original": {
        "owner": "nix-systems",
        "repo": "default",
        "type": "github"
      }
    },
    "systems_4": {
      "locked": {
        "lastModified": 1681028828,
        "narHash": "sha256-Vy1rq5AaRuLzOxct8nz4T6wlgyUR7zLU309k9mBC768=",
        "owner": "nix-systems",
        "repo": "default",
        "rev": "da67096a3b9bf56a91d16901293e51ba5b49a27e",
        "type": "github"
      },
      "original": {
        "owner": "nix-systems",
        "repo": "default",
        "type": "github"
      }
    },
    "systems_5": {
      "locked": {
        "lastModified": 1681028828,
        "narHash": "sha256-Vy1rq5AaRuLzOxct8nz4T6wlgyUR7zLU309k9mBC768=",
        "owner": "nix-systems",
        "repo": "default",
        "rev": "da67096a3b9bf56a91d16901293e51ba5b49a27e",
        "type": "github"
      },
      "original": {
        "owner": "nix-systems",
        "repo": "default",
        "type": "github"
      }
    },
    "treefmt-nix": {
      "inputs": {
        "nixpkgs": [
          "juuso",
          "agenix-rekey",
          "nixpkgs"
        ]
      },
      "locked": {
        "lastModified": 1735135567,
        "narHash": "sha256-8T3K5amndEavxnludPyfj3Z1IkcFdRpR23q+T0BVeZE=",
        "owner": "numtide",
        "repo": "treefmt-nix",
        "rev": "9e09d30a644c57257715902efbb3adc56c79cf28",
        "type": "github"
      },
      "original": {
        "owner": "numtide",
        "repo": "treefmt-nix",
        "type": "github"
      }
    },
    "treefmt-nix_2": {
      "inputs": {
        "nixpkgs": [
          "juuso",
          "runtime-modules",
          "nixpkgs"
        ]
      },
      "locked": {
        "lastModified": 1742303424,
        "narHash": "sha256-2R7cGdcA2npQQcIWu2cTlU63veTzwVZe78BliIuJT00=",
        "owner": "numtide",
        "repo": "treefmt-nix",
        "rev": "b3b938ab8ba2e8a0ce9ee9b30ccfa5e903ae5753",
        "type": "github"
      },
      "original": {
        "owner": "numtide",
        "repo": "treefmt-nix",
        "type": "github"
      }
    },
    "treefmt-nix_3": {
      "inputs": {
        "nixpkgs": [
          "juuso",
          "nixpkgs"
        ]
      },
      "locked": {
        "lastModified": 1753439394,
        "narHash": "sha256-Bv9h1AJegLI8uAhiJ1sZ4XAndYxhgf38tMgCQwiEpmc=",
        "owner": "numtide",
        "repo": "treefmt-nix",
        "rev": "2673921c03d6e75fdf4aa93e025772608d1482cf",
        "type": "github"
      },
      "original": {
        "owner": "numtide",
        "repo": "treefmt-nix",
        "type": "github"
      }
    }
  },
  "root": "root",
  "version": 7
}
